// !$*UTF8*$!
{
	archiveVersion = 1;
	classes = {
	};
	objectVersion = 48;
	objects = {

/* Begin PBXBuildFile section */
		3408C97B1FB6D3F7004F53AD /* AlamofireImage.framework in Frameworks */ = {isa = PBXBuildFile; fileRef = 3408C97A1FB6D3F7004F53AD /* AlamofireImage.framework */; };
		3408C97D1FB6D410004F53AD /* AlamofireImage.framework in Embed Frameworks */ = {isa = PBXBuildFile; fileRef = 3408C97A1FB6D3F7004F53AD /* AlamofireImage.framework */; settings = {ATTRIBUTES = (CodeSignOnCopy, RemoveHeadersOnCopy, ); }; };
		3409859E20157292000ABED5 /* NSAttributedString+RSAdditions.swift in Sources */ = {isa = PBXBuildFile; fileRef = 3409859D20157292000ABED5 /* NSAttributedString+RSAdditions.swift */; };
		3418D7871FD3B5C800892961 /* UIViewController+RSAdditions.swift in Sources */ = {isa = PBXBuildFile; fileRef = 3418D7861FD3B5C800892961 /* UIViewController+RSAdditions.swift */; };
		3418D7891FD3D3E000892961 /* RSUtility.swift in Sources */ = {isa = PBXBuildFile; fileRef = 3418D7881FD3D3E000892961 /* RSUtility.swift */; };
		341A7A3C2030E55600372253 /* Dictionary+RSAdditions.swift in Sources */ = {isa = PBXBuildFile; fileRef = 341A7A3B2030E55600372253 /* Dictionary+RSAdditions.swift */; };
		342DC3C71FB81C5B00DD2164 /* UIView+RSCommonAdditions.swift in Sources */ = {isa = PBXBuildFile; fileRef = 342DC3C61FB81C5B00DD2164 /* UIView+RSCommonAdditions.swift */; };
		3442D9291FA2355B00AD19AA /* UIView+RSLayoutAdditions.swift in Sources */ = {isa = PBXBuildFile; fileRef = 3442D9281FA2355B00AD19AA /* UIView+RSLayoutAdditions.swift */; };
		3443F9FB1FCFBA4600660A1B /* RSUserDefaultable.swift in Sources */ = {isa = PBXBuildFile; fileRef = 3443F9FA1FCFBA4600660A1B /* RSUserDefaultable.swift */; };
		346412E51FD48037007C2951 /* Quick.framework in Embed Frameworks */ = {isa = PBXBuildFile; fileRef = 34E20F731FD4763700CD4C7F /* Quick.framework */; settings = {ATTRIBUTES = (CodeSignOnCopy, RemoveHeadersOnCopy, ); }; };
		346412E61FD4803E007C2951 /* Nimble.framework in Embed Frameworks */ = {isa = PBXBuildFile; fileRef = 34E20F751FD4763A00CD4C7F /* Nimble.framework */; settings = {ATTRIBUTES = (CodeSignOnCopy, RemoveHeadersOnCopy, ); }; };
		346F85B51FAD4AF9006D3E53 /* RSNotificationConstants.swift in Sources */ = {isa = PBXBuildFile; fileRef = 346F85B41FAD4AF9006D3E53 /* RSNotificationConstants.swift */; };
		34821EC41F529EFE0056A49C /* RSUtils.framework in Frameworks */ = {isa = PBXBuildFile; fileRef = 34821EBA1F529EFE0056A49C /* RSUtils.framework */; };
		34821ECB1F529EFE0056A49C /* RSUtils.h in Headers */ = {isa = PBXBuildFile; fileRef = 34821EBD1F529EFE0056A49C /* RSUtils.h */; settings = {ATTRIBUTES = (Public, ); }; };
		3495E1AC1F52A096005DE4FA /* RSKeychainFacade.swift in Sources */ = {isa = PBXBuildFile; fileRef = 3495E1AB1F52A096005DE4FA /* RSKeychainFacade.swift */; };
		349BCDCE1FB7EDF7001064D1 /* AlamofireImage.framework in Embed Frameworks */ = {isa = PBXBuildFile; fileRef = 3408C97A1FB6D3F7004F53AD /* AlamofireImage.framework */; settings = {ATTRIBUTES = (CodeSignOnCopy, RemoveHeadersOnCopy, ); }; };
		34A339F51F5FABFC0001CBE6 /* RSKeychainFacadeTests.swift in Sources */ = {isa = PBXBuildFile; fileRef = 34A339F41F5FABFC0001CBE6 /* RSKeychainFacadeTests.swift */; };
		34A5C2191FB77B5F001C349A /* RSResultType.swift in Sources */ = {isa = PBXBuildFile; fileRef = 34A5C2181FB77B5F001C349A /* RSResultType.swift */; };
		34B60BE11FB7EECE007015A8 /* AlamofireImage.framework in Frameworks */ = {isa = PBXBuildFile; fileRef = 3408C97A1FB6D3F7004F53AD /* AlamofireImage.framework */; };
		34B60BE31FB7EEF0007015A8 /* Alamofire.framework in Frameworks */ = {isa = PBXBuildFile; fileRef = 34B60BE21FB7EEF0007015A8 /* Alamofire.framework */; };
		34B60BE41FB7EEFC007015A8 /* Alamofire.framework in Embed Frameworks */ = {isa = PBXBuildFile; fileRef = 34B60BE21FB7EEF0007015A8 /* Alamofire.framework */; settings = {ATTRIBUTES = (CodeSignOnCopy, RemoveHeadersOnCopy, ); }; };
		34D08C061FE71986001E6D78 /* RSUtilityTests.swift in Sources */ = {isa = PBXBuildFile; fileRef = 34D08C051FE71986001E6D78 /* RSUtilityTests.swift */; };
		34E1D6091FA1773B0075D58D /* UIFont+RSAdditions.swift in Sources */ = {isa = PBXBuildFile; fileRef = 34E1D6081FA1773B0075D58D /* UIFont+RSAdditions.swift */; };
		34E20F741FD4763700CD4C7F /* Quick.framework in Frameworks */ = {isa = PBXBuildFile; fileRef = 34E20F731FD4763700CD4C7F /* Quick.framework */; };
		34E20F761FD4763A00CD4C7F /* Nimble.framework in Frameworks */ = {isa = PBXBuildFile; fileRef = 34E20F751FD4763A00CD4C7F /* Nimble.framework */; };
		34EAB17E1FFF45810096A646 /* String+RSAdditions.swift in Sources */ = {isa = PBXBuildFile; fileRef = 34EAB17D1FFF45810096A646 /* String+RSAdditions.swift */; };
		34EF31EC1FB6DBEC00A60AAD /* UIImageView+RSAdditions.swift in Sources */ = {isa = PBXBuildFile; fileRef = 34EF31EB1FB6DBEC00A60AAD /* UIImageView+RSAdditions.swift */; };
/* End PBXBuildFile section */

/* Begin PBXContainerItemProxy section */
		34821EC51F529EFE0056A49C /* PBXContainerItemProxy */ = {
			isa = PBXContainerItemProxy;
			containerPortal = 34821EB11F529EFE0056A49C /* Project object */;
			proxyType = 1;
			remoteGlobalIDString = 34821EB91F529EFE0056A49C;
			remoteInfo = YQUtils;
		};
/* End PBXContainerItemProxy section */

/* Begin PBXCopyFilesBuildPhase section */
		3408C97C1FB6D401004F53AD /* Embed Frameworks */ = {
			isa = PBXCopyFilesBuildPhase;
			buildActionMask = 2147483647;
			dstPath = "";
			dstSubfolderSpec = 10;
			files = (
				3408C97D1FB6D410004F53AD /* AlamofireImage.framework in Embed Frameworks */,
			);
			name = "Embed Frameworks";
			runOnlyForDeploymentPostprocessing = 0;
		};
		349BCDCD1FB7EDE7001064D1 /* Embed Frameworks */ = {
			isa = PBXCopyFilesBuildPhase;
			buildActionMask = 2147483647;
			dstPath = "";
			dstSubfolderSpec = 10;
			files = (
				346412E61FD4803E007C2951 /* Nimble.framework in Embed Frameworks */,
				346412E51FD48037007C2951 /* Quick.framework in Embed Frameworks */,
				34B60BE41FB7EEFC007015A8 /* Alamofire.framework in Embed Frameworks */,
				349BCDCE1FB7EDF7001064D1 /* AlamofireImage.framework in Embed Frameworks */,
			);
			name = "Embed Frameworks";
			runOnlyForDeploymentPostprocessing = 0;
		};
/* End PBXCopyFilesBuildPhase section */

/* Begin PBXFileReference section */
		3408C97A1FB6D3F7004F53AD /* AlamofireImage.framework */ = {isa = PBXFileReference; lastKnownFileType = wrapper.framework; name = AlamofireImage.framework; path = ../../Carthage/Build/iOS/AlamofireImage.framework; sourceTree = "<group>"; };
		3409859D20157292000ABED5 /* NSAttributedString+RSAdditions.swift */ = {isa = PBXFileReference; lastKnownFileType = sourcecode.swift; path = "NSAttributedString+RSAdditions.swift"; sourceTree = "<group>"; };
		3418D7861FD3B5C800892961 /* UIViewController+RSAdditions.swift */ = {isa = PBXFileReference; lastKnownFileType = sourcecode.swift; path = "UIViewController+RSAdditions.swift"; sourceTree = "<group>"; };
		3418D7881FD3D3E000892961 /* RSUtility.swift */ = {isa = PBXFileReference; lastKnownFileType = sourcecode.swift; path = RSUtility.swift; sourceTree = "<group>"; };
		341A7A3B2030E55600372253 /* Dictionary+RSAdditions.swift */ = {isa = PBXFileReference; lastKnownFileType = sourcecode.swift; path = "Dictionary+RSAdditions.swift"; sourceTree = "<group>"; };
		342DC3C61FB81C5B00DD2164 /* UIView+RSCommonAdditions.swift */ = {isa = PBXFileReference; lastKnownFileType = sourcecode.swift; path = "UIView+RSCommonAdditions.swift"; sourceTree = "<group>"; };
		3442D9281FA2355B00AD19AA /* UIView+RSLayoutAdditions.swift */ = {isa = PBXFileReference; lastKnownFileType = sourcecode.swift; path = "UIView+RSLayoutAdditions.swift"; sourceTree = "<group>"; };
		3443F9FA1FCFBA4600660A1B /* RSUserDefaultable.swift */ = {isa = PBXFileReference; lastKnownFileType = sourcecode.swift; path = RSUserDefaultable.swift; sourceTree = "<group>"; };
		346F85B41FAD4AF9006D3E53 /* RSNotificationConstants.swift */ = {isa = PBXFileReference; lastKnownFileType = sourcecode.swift; path = RSNotificationConstants.swift; sourceTree = "<group>"; };
		34821EBA1F529EFE0056A49C /* RSUtils.framework */ = {isa = PBXFileReference; explicitFileType = wrapper.framework; includeInIndex = 0; path = RSUtils.framework; sourceTree = BUILT_PRODUCTS_DIR; };
		34821EBD1F529EFE0056A49C /* RSUtils.h */ = {isa = PBXFileReference; lastKnownFileType = sourcecode.c.h; path = RSUtils.h; sourceTree = "<group>"; };
		34821EBE1F529EFE0056A49C /* Info.plist */ = {isa = PBXFileReference; lastKnownFileType = text.plist.xml; path = Info.plist; sourceTree = "<group>"; };
		34821EC31F529EFE0056A49C /* RSUtilsTests.xctest */ = {isa = PBXFileReference; explicitFileType = wrapper.cfbundle; includeInIndex = 0; path = RSUtilsTests.xctest; sourceTree = BUILT_PRODUCTS_DIR; };
		34821ECA1F529EFE0056A49C /* Info.plist */ = {isa = PBXFileReference; lastKnownFileType = text.plist.xml; path = Info.plist; sourceTree = "<group>"; };
		3495E1AB1F52A096005DE4FA /* RSKeychainFacade.swift */ = {isa = PBXFileReference; lastKnownFileType = sourcecode.swift; path = RSKeychainFacade.swift; sourceTree = "<group>"; };
		34A339F41F5FABFC0001CBE6 /* RSKeychainFacadeTests.swift */ = {isa = PBXFileReference; lastKnownFileType = sourcecode.swift; path = RSKeychainFacadeTests.swift; sourceTree = "<group>"; };
		34A5C2181FB77B5F001C349A /* RSResultType.swift */ = {isa = PBXFileReference; lastKnownFileType = sourcecode.swift; path = RSResultType.swift; sourceTree = "<group>"; };
		34B60BE21FB7EEF0007015A8 /* Alamofire.framework */ = {isa = PBXFileReference; lastKnownFileType = wrapper.framework; name = Alamofire.framework; path = ../../Carthage/Build/iOS/Alamofire.framework; sourceTree = "<group>"; };
		34D08C051FE71986001E6D78 /* RSUtilityTests.swift */ = {isa = PBXFileReference; lastKnownFileType = sourcecode.swift; path = RSUtilityTests.swift; sourceTree = "<group>"; };
		34E1D6081FA1773B0075D58D /* UIFont+RSAdditions.swift */ = {isa = PBXFileReference; fileEncoding = 4; lastKnownFileType = sourcecode.swift; path = "UIFont+RSAdditions.swift"; sourceTree = "<group>"; };
		34E20F731FD4763700CD4C7F /* Quick.framework */ = {isa = PBXFileReference; lastKnownFileType = wrapper.framework; name = Quick.framework; path = ../../Carthage/Build/iOS/Quick.framework; sourceTree = "<group>"; };
		34E20F751FD4763A00CD4C7F /* Nimble.framework */ = {isa = PBXFileReference; lastKnownFileType = wrapper.framework; name = Nimble.framework; path = ../../Carthage/Build/iOS/Nimble.framework; sourceTree = "<group>"; };
		34EAB17D1FFF45810096A646 /* String+RSAdditions.swift */ = {isa = PBXFileReference; lastKnownFileType = sourcecode.swift; path = "String+RSAdditions.swift"; sourceTree = "<group>"; };
		34EF31EB1FB6DBEC00A60AAD /* UIImageView+RSAdditions.swift */ = {isa = PBXFileReference; lastKnownFileType = sourcecode.swift; path = "UIImageView+RSAdditions.swift"; sourceTree = "<group>"; };
/* End PBXFileReference section */

/* Begin PBXFrameworksBuildPhase section */
		34821EB61F529EFE0056A49C /* Frameworks */ = {
			isa = PBXFrameworksBuildPhase;
			buildActionMask = 2147483647;
			files = (
				3408C97B1FB6D3F7004F53AD /* AlamofireImage.framework in Frameworks */,
			);
			runOnlyForDeploymentPostprocessing = 0;
		};
		34821EC01F529EFE0056A49C /* Frameworks */ = {
			isa = PBXFrameworksBuildPhase;
			buildActionMask = 2147483647;
			files = (
				34B60BE31FB7EEF0007015A8 /* Alamofire.framework in Frameworks */,
				34B60BE11FB7EECE007015A8 /* AlamofireImage.framework in Frameworks */,
				34821EC41F529EFE0056A49C /* RSUtils.framework in Frameworks */,
				34E20F741FD4763700CD4C7F /* Quick.framework in Frameworks */,
				34E20F761FD4763A00CD4C7F /* Nimble.framework in Frameworks */,
			);
			runOnlyForDeploymentPostprocessing = 0;
		};
/* End PBXFrameworksBuildPhase section */

/* Begin PBXGroup section */
		3408C9791FB6D3F7004F53AD /* Frameworks */ = {
			isa = PBXGroup;
			children = (
				34E20F751FD4763A00CD4C7F /* Nimble.framework */,
				34E20F731FD4763700CD4C7F /* Quick.framework */,
				34B60BE21FB7EEF0007015A8 /* Alamofire.framework */,
				3408C97A1FB6D3F7004F53AD /* AlamofireImage.framework */,
			);
			name = Frameworks;
			sourceTree = "<group>";
		};
		346F85B31FAD4AE4006D3E53 /* Constants */ = {
			isa = PBXGroup;
			children = (
				346F85B41FAD4AF9006D3E53 /* RSNotificationConstants.swift */,
			);
			path = Constants;
			sourceTree = "<group>";
		};
		34821EB01F529EFE0056A49C = {
			isa = PBXGroup;
			children = (
				34821EBC1F529EFE0056A49C /* RSUtils */,
				34821EC71F529EFE0056A49C /* RSUtilsTests */,
				34821EBB1F529EFE0056A49C /* Products */,
				3408C9791FB6D3F7004F53AD /* Frameworks */,
			);
			sourceTree = "<group>";
		};
		34821EBB1F529EFE0056A49C /* Products */ = {
			isa = PBXGroup;
			children = (
				34821EBA1F529EFE0056A49C /* RSUtils.framework */,
				34821EC31F529EFE0056A49C /* RSUtilsTests.xctest */,
			);
			name = Products;
			sourceTree = "<group>";
		};
		34821EBC1F529EFE0056A49C /* RSUtils */ = {
			isa = PBXGroup;
			children = (
				34A5C2171FB77B50001C349A /* Enums */,
				346F85B31FAD4AE4006D3E53 /* Constants */,
				34E1D6051FA1759B0075D58D /* Categories */,
				3495E1AB1F52A096005DE4FA /* RSKeychainFacade.swift */,
				3443F9FA1FCFBA4600660A1B /* RSUserDefaultable.swift */,
				3418D7881FD3D3E000892961 /* RSUtility.swift */,
				34821EBD1F529EFE0056A49C /* RSUtils.h */,
				34821EBE1F529EFE0056A49C /* Info.plist */,
			);
			path = RSUtils;
			sourceTree = "<group>";
		};
		34821EC71F529EFE0056A49C /* RSUtilsTests */ = {
			isa = PBXGroup;
			children = (
				34A339F41F5FABFC0001CBE6 /* RSKeychainFacadeTests.swift */,
				34821ECA1F529EFE0056A49C /* Info.plist */,
				34D08C051FE71986001E6D78 /* RSUtilityTests.swift */,
			);
			path = RSUtilsTests;
			sourceTree = "<group>";
		};
		34A5C2171FB77B50001C349A /* Enums */ = {
			isa = PBXGroup;
			children = (
				34A5C2181FB77B5F001C349A /* RSResultType.swift */,
			);
			path = Enums;
			sourceTree = "<group>";
		};
		34E1D6051FA1759B0075D58D /* Categories */ = {
			isa = PBXGroup;
			children = (
				34E1D6081FA1773B0075D58D /* UIFont+RSAdditions.swift */,
				3442D9281FA2355B00AD19AA /* UIView+RSLayoutAdditions.swift */,
				34EF31EB1FB6DBEC00A60AAD /* UIImageView+RSAdditions.swift */,
				342DC3C61FB81C5B00DD2164 /* UIView+RSCommonAdditions.swift */,
				3418D7861FD3B5C800892961 /* UIViewController+RSAdditions.swift */,
				34EAB17D1FFF45810096A646 /* String+RSAdditions.swift */,
				3409859D20157292000ABED5 /* NSAttributedString+RSAdditions.swift */,
				341A7A3B2030E55600372253 /* Dictionary+RSAdditions.swift */,
			);
			path = Categories;
			sourceTree = "<group>";
		};
/* End PBXGroup section */

/* Begin PBXHeadersBuildPhase section */
		34821EB71F529EFE0056A49C /* Headers */ = {
			isa = PBXHeadersBuildPhase;
			buildActionMask = 2147483647;
			files = (
				34821ECB1F529EFE0056A49C /* RSUtils.h in Headers */,
			);
			runOnlyForDeploymentPostprocessing = 0;
		};
/* End PBXHeadersBuildPhase section */

/* Begin PBXNativeTarget section */
		34821EB91F529EFE0056A49C /* RSUtils */ = {
			isa = PBXNativeTarget;
			buildConfigurationList = 34821ECE1F529EFE0056A49C /* Build configuration list for PBXNativeTarget "RSUtils" */;
			buildPhases = (
				34DC9275201EB473002AA0D5 /* Check Carthage */,
				34821EB51F529EFE0056A49C /* Sources */,
				34821EB61F529EFE0056A49C /* Frameworks */,
				34821EB71F529EFE0056A49C /* Headers */,
				34821EB81F529EFE0056A49C /* Resources */,
				3408C97C1FB6D401004F53AD /* Embed Frameworks */,
				34B09B90201E92AC0069554E /* Carthage Copy */,
				34DC928B201EC64E002AA0D5 /* Remove Frameworks */,
			);
			buildRules = (
			);
			dependencies = (
			);
			name = RSUtils;
			productName = YQUtils;
			productReference = 34821EBA1F529EFE0056A49C /* RSUtils.framework */;
			productType = "com.apple.product-type.framework";
		};
		34821EC21F529EFE0056A49C /* RSUtilsTests */ = {
			isa = PBXNativeTarget;
			buildConfigurationList = 34821ED11F529EFE0056A49C /* Build configuration list for PBXNativeTarget "RSUtilsTests" */;
			buildPhases = (
				34DC928C201ECC8E002AA0D5 /* Check Carthage */,
				34821EBF1F529EFE0056A49C /* Sources */,
				34821EC01F529EFE0056A49C /* Frameworks */,
				34821EC11F529EFE0056A49C /* Resources */,
				349BCDCD1FB7EDE7001064D1 /* Embed Frameworks */,
			);
			buildRules = (
			);
			dependencies = (
				34821EC61F529EFE0056A49C /* PBXTargetDependency */,
			);
			name = RSUtilsTests;
			productName = YQUtilsTests;
			productReference = 34821EC31F529EFE0056A49C /* RSUtilsTests.xctest */;
			productType = "com.apple.product-type.bundle.unit-test";
		};
/* End PBXNativeTarget section */

/* Begin PBXProject section */
		34821EB11F529EFE0056A49C /* Project object */ = {
			isa = PBXProject;
			attributes = {
				LastSwiftUpdateCheck = 0900;
				LastUpgradeCheck = 0900;
				ORGANIZATIONNAME = Yaqeen;
				TargetAttributes = {
					34821EB91F529EFE0056A49C = {
						CreatedOnToolsVersion = 9.0;
						ProvisioningStyle = Manual;
					};
					34821EC21F529EFE0056A49C = {
						CreatedOnToolsVersion = 9.0;
						ProvisioningStyle = Manual;
					};
				};
			};
			buildConfigurationList = 34821EB41F529EFE0056A49C /* Build configuration list for PBXProject "RSUtils" */;
			compatibilityVersion = "Xcode 8.0";
			developmentRegion = en;
			hasScannedForEncodings = 0;
			knownRegions = (
				en,
			);
			mainGroup = 34821EB01F529EFE0056A49C;
			productRefGroup = 34821EBB1F529EFE0056A49C /* Products */;
			projectDirPath = "";
			projectRoot = "";
			targets = (
				34821EB91F529EFE0056A49C /* RSUtils */,
				34821EC21F529EFE0056A49C /* RSUtilsTests */,
			);
		};
/* End PBXProject section */

/* Begin PBXResourcesBuildPhase section */
		34821EB81F529EFE0056A49C /* Resources */ = {
			isa = PBXResourcesBuildPhase;
			buildActionMask = 2147483647;
			files = (
			);
			runOnlyForDeploymentPostprocessing = 0;
		};
		34821EC11F529EFE0056A49C /* Resources */ = {
			isa = PBXResourcesBuildPhase;
			buildActionMask = 2147483647;
			files = (
			);
			runOnlyForDeploymentPostprocessing = 0;
		};
/* End PBXResourcesBuildPhase section */

/* Begin PBXShellScriptBuildPhase section */
		34B09B90201E92AC0069554E /* Carthage Copy */ = {
			isa = PBXShellScriptBuildPhase;
			buildActionMask = 2147483647;
			files = (
			);
			inputPaths = (
				"$(SRCROOT)/../../Carthage/Build/iOS/AlamofireImage.Framework",
			);
			name = "Carthage Copy";
			outputPaths = (
			);
			runOnlyForDeploymentPostprocessing = 0;
			shellPath = /bin/sh;
			shellScript = "/usr/local/bin/carthage copy-frameworks";
		};
		34DC9275201EB473002AA0D5 /* Check Carthage */ = {
			isa = PBXShellScriptBuildPhase;
			buildActionMask = 2147483647;
			files = (
			);
			inputPaths = (
				"$(SRCROOT)/../../Carthage/Build/iOS/AlamofireImage.Framework",
			);
			name = "Check Carthage";
			outputPaths = (
			);
			runOnlyForDeploymentPostprocessing = 0;
			shellPath = /bin/sh;
			shellScript = "#!/bin/bash\n\nROOT=\"../..\"\n\"$SRCROOT/$ROOT\"/scripts/carthage.sh";
		};
		34DC928B201EC64E002AA0D5 /* Remove Frameworks */ = {
			isa = PBXShellScriptBuildPhase;
			buildActionMask = 2147483647;
			files = (
			);
			inputPaths = (
			);
			name = "Remove Frameworks";
			outputPaths = (
			);
			runOnlyForDeploymentPostprocessing = 0;
			shellPath = /bin/sh;
			shellScript = "cd \"${CONFIGURATION_BUILD_DIR}/${UNLOCALIZED_RESOURCES_FOLDER_PATH}/\"\nif [[ -d \"Frameworks\" ]]; then\nrm -fr Frameworks\nfi";
		};
		34DC928C201ECC8E002AA0D5 /* Check Carthage */ = {
			isa = PBXShellScriptBuildPhase;
			buildActionMask = 2147483647;
			files = (
			);
			inputPaths = (
				"$(SRCROOT)/../../Carthage/Build/iOS/Quick.Framework",
				"$(SRCROOT)/../../Carthage/Build/iOS/Nimble.Framework",
				"$(SRCROOT)/../../Carthage/Build/iOS/Alamofire.Framework",
				"$(SRCROOT)/../../Carthage/Build/iOS/AlamofireImage.Framework",
			);
			name = "Check Carthage";
			outputPaths = (
			);
			runOnlyForDeploymentPostprocessing = 0;
			shellPath = /bin/sh;
			shellScript = "#!/bin/bash\n\nROOT=\"../..\"\n\"$SRCROOT/$ROOT\"/scripts/carthage.sh";
		};
/* End PBXShellScriptBuildPhase section */

/* Begin PBXSourcesBuildPhase section */
		34821EB51F529EFE0056A49C /* Sources */ = {
			isa = PBXSourcesBuildPhase;
			buildActionMask = 2147483647;
			files = (
				34A5C2191FB77B5F001C349A /* RSResultType.swift in Sources */,
				3418D7891FD3D3E000892961 /* RSUtility.swift in Sources */,
				34EF31EC1FB6DBEC00A60AAD /* UIImageView+RSAdditions.swift in Sources */,
				3443F9FB1FCFBA4600660A1B /* RSUserDefaultable.swift in Sources */,
				346F85B51FAD4AF9006D3E53 /* RSNotificationConstants.swift in Sources */,
				3442D9291FA2355B00AD19AA /* UIView+RSLayoutAdditions.swift in Sources */,
				3409859E20157292000ABED5 /* NSAttributedString+RSAdditions.swift in Sources */,
				3495E1AC1F52A096005DE4FA /* RSKeychainFacade.swift in Sources */,
				34E1D6091FA1773B0075D58D /* UIFont+RSAdditions.swift in Sources */,
				3418D7871FD3B5C800892961 /* UIViewController+RSAdditions.swift in Sources */,
				34EAB17E1FFF45810096A646 /* String+RSAdditions.swift in Sources */,
				342DC3C71FB81C5B00DD2164 /* UIView+RSCommonAdditions.swift in Sources */,
				341A7A3C2030E55600372253 /* Dictionary+RSAdditions.swift in Sources */,
			);
			runOnlyForDeploymentPostprocessing = 0;
		};
		34821EBF1F529EFE0056A49C /* Sources */ = {
			isa = PBXSourcesBuildPhase;
			buildActionMask = 2147483647;
			files = (
				34D08C061FE71986001E6D78 /* RSUtilityTests.swift in Sources */,
				34A339F51F5FABFC0001CBE6 /* RSKeychainFacadeTests.swift in Sources */,
			);
			runOnlyForDeploymentPostprocessing = 0;
		};
/* End PBXSourcesBuildPhase section */

/* Begin PBXTargetDependency section */
		34821EC61F529EFE0056A49C /* PBXTargetDependency */ = {
			isa = PBXTargetDependency;
			target = 34821EB91F529EFE0056A49C /* RSUtils */;
			targetProxy = 34821EC51F529EFE0056A49C /* PBXContainerItemProxy */;
		};
/* End PBXTargetDependency section */

/* Begin XCBuildConfiguration section */
		340B2A10200B235200706780 /* Enterprise */ = {
			isa = XCBuildConfiguration;
			buildSettings = {
				ALWAYS_SEARCH_USER_PATHS = NO;
				CARTHAGE_SEARCH_PATH = ../../Carthage/Build/iOS;
				CLANG_ANALYZER_NONNULL = YES;
				CLANG_ANALYZER_NUMBER_OBJECT_CONVERSION = YES_AGGRESSIVE;
				CLANG_CXX_LANGUAGE_STANDARD = "gnu++14";
				CLANG_CXX_LIBRARY = "libc++";
				CLANG_ENABLE_MODULES = YES;
				CLANG_ENABLE_OBJC_ARC = YES;
				CLANG_WARN_BLOCK_CAPTURE_AUTORELEASING = YES;
				CLANG_WARN_BOOL_CONVERSION = YES;
				CLANG_WARN_COMMA = YES;
				CLANG_WARN_CONSTANT_CONVERSION = YES;
				CLANG_WARN_DIRECT_OBJC_ISA_USAGE = YES_ERROR;
				CLANG_WARN_DOCUMENTATION_COMMENTS = YES;
				CLANG_WARN_EMPTY_BODY = YES;
				CLANG_WARN_ENUM_CONVERSION = YES;
				CLANG_WARN_INFINITE_RECURSION = YES;
				CLANG_WARN_INT_CONVERSION = YES;
				CLANG_WARN_NON_LITERAL_NULL_CONVERSION = YES;
				CLANG_WARN_OBJC_LITERAL_CONVERSION = YES;
				CLANG_WARN_OBJC_ROOT_CLASS = YES_ERROR;
				CLANG_WARN_RANGE_LOOP_ANALYSIS = YES;
				CLANG_WARN_STRICT_PROTOTYPES = YES;
				CLANG_WARN_SUSPICIOUS_MOVE = YES;
				CLANG_WARN_UNGUARDED_AVAILABILITY = YES_AGGRESSIVE;
				CLANG_WARN_UNREACHABLE_CODE = YES;
				CLANG_WARN__DUPLICATE_METHOD_MATCH = YES;
				COPY_PHASE_STRIP = NO;
				CURRENT_PROJECT_VERSION = 1;
				DEBUG_INFORMATION_FORMAT = dwarf;
				DEVELOPMENT_TEAM = 3P6HE88T9S;
				ENABLE_STRICT_OBJC_MSGSEND = YES;
				ENABLE_TESTABILITY = YES;
				FRAMEWORK_SEARCH_PATHS = "$(CARTHAGE_SEARCH_PATH)";
				GCC_C_LANGUAGE_STANDARD = gnu11;
				GCC_DYNAMIC_NO_PIC = NO;
				GCC_NO_COMMON_BLOCKS = YES;
				GCC_OPTIMIZATION_LEVEL = 0;
				GCC_PREPROCESSOR_DEFINITIONS = (
					"DEBUG=1",
					"$(inherited)",
				);
				GCC_WARN_64_TO_32_BIT_CONVERSION = YES;
				GCC_WARN_ABOUT_RETURN_TYPE = YES_ERROR;
				GCC_WARN_UNDECLARED_SELECTOR = YES;
				GCC_WARN_UNINITIALIZED_AUTOS = YES_AGGRESSIVE;
				GCC_WARN_UNUSED_FUNCTION = YES;
				GCC_WARN_UNUSED_VARIABLE = YES;
				INSTALL_GROUP = "";
				IPHONEOS_DEPLOYMENT_TARGET = 10.0;
				MTL_ENABLE_DEBUG_INFO = YES;
				ONLY_ACTIVE_ARCH = YES;
				SDKROOT = iphoneos;
				SWIFT_ACTIVE_COMPILATION_CONDITIONS = DEBUG;
				SWIFT_OPTIMIZATION_LEVEL = "-Onone";
				VERSIONING_SYSTEM = "apple-generic";
				VERSION_INFO_PREFIX = "";
			};
			name = Enterprise;
		};
		340B2A11200B235200706780 /* Enterprise */ = {
			isa = XCBuildConfiguration;
			buildSettings = {
				DEBUG_INFORMATION_FORMAT = "dwarf-with-dsym";
				DEFINES_MODULE = YES;
				DYLIB_COMPATIBILITY_VERSION = 1;
				DYLIB_CURRENT_VERSION = 1;
				DYLIB_INSTALL_NAME_BASE = "@rpath";
				INFOPLIST_FILE = "$(SRCROOT)/RSUtils/Info.plist";
				INSTALL_GROUP = "";
				INSTALL_PATH = "$(LOCAL_LIBRARY_DIR)/Frameworks";
				IPHONEOS_DEPLOYMENT_TARGET = 10.0;
				LD_RUNPATH_SEARCH_PATHS = "$(inherited) @executable_path/Frameworks @loader_path/Frameworks";
				PRODUCT_BUNDLE_IDENTIFIER = com.roadsiderapp.RSUtils;
				PRODUCT_NAME = "$(TARGET_NAME:c99extidentifier)";
				SKIP_INSTALL = YES;
				SWIFT_VERSION = 4.0;
				TARGETED_DEVICE_FAMILY = "1,2";
			};
			name = Enterprise;
		};
		340B2A12200B235200706780 /* Enterprise */ = {
			isa = XCBuildConfiguration;
			buildSettings = {
				DEVELOPMENT_TEAM = "";
				INFOPLIST_FILE = RSUtilsTests/Info.plist;
				LD_RUNPATH_SEARCH_PATHS = "$(inherited) @executable_path/Frameworks @loader_path/Frameworks";
				PRODUCT_BUNDLE_IDENTIFIER = com.roadsiderapp.RSUtilsTests;
				PRODUCT_NAME = "$(TARGET_NAME)";
				PROVISIONING_PROFILE_SPECIFIER = "";
				SWIFT_VERSION = 4.0;
				TARGETED_DEVICE_FAMILY = "1,2";
			};
			name = Enterprise;
		};
		34821ECC1F529EFE0056A49C /* Debug */ = {
			isa = XCBuildConfiguration;
			buildSettings = {
				ALWAYS_SEARCH_USER_PATHS = NO;
				CARTHAGE_SEARCH_PATH = ../../Carthage/Build/iOS;
				CLANG_ANALYZER_NONNULL = YES;
				CLANG_ANALYZER_NUMBER_OBJECT_CONVERSION = YES_AGGRESSIVE;
				CLANG_CXX_LANGUAGE_STANDARD = "gnu++14";
				CLANG_CXX_LIBRARY = "libc++";
				CLANG_ENABLE_MODULES = YES;
				CLANG_ENABLE_OBJC_ARC = YES;
				CLANG_WARN_BLOCK_CAPTURE_AUTORELEASING = YES;
				CLANG_WARN_BOOL_CONVERSION = YES;
				CLANG_WARN_COMMA = YES;
				CLANG_WARN_CONSTANT_CONVERSION = YES;
				CLANG_WARN_DIRECT_OBJC_ISA_USAGE = YES_ERROR;
				CLANG_WARN_DOCUMENTATION_COMMENTS = YES;
				CLANG_WARN_EMPTY_BODY = YES;
				CLANG_WARN_ENUM_CONVERSION = YES;
				CLANG_WARN_INFINITE_RECURSION = YES;
				CLANG_WARN_INT_CONVERSION = YES;
				CLANG_WARN_NON_LITERAL_NULL_CONVERSION = YES;
				CLANG_WARN_OBJC_LITERAL_CONVERSION = YES;
				CLANG_WARN_OBJC_ROOT_CLASS = YES_ERROR;
				CLANG_WARN_RANGE_LOOP_ANALYSIS = YES;
				CLANG_WARN_STRICT_PROTOTYPES = YES;
				CLANG_WARN_SUSPICIOUS_MOVE = YES;
				CLANG_WARN_UNGUARDED_AVAILABILITY = YES_AGGRESSIVE;
				CLANG_WARN_UNREACHABLE_CODE = YES;
				CLANG_WARN__DUPLICATE_METHOD_MATCH = YES;
				COPY_PHASE_STRIP = NO;
				CURRENT_PROJECT_VERSION = 1;
				DEBUG_INFORMATION_FORMAT = dwarf;
				DEVELOPMENT_TEAM = 3P6HE88T9S;
				ENABLE_STRICT_OBJC_MSGSEND = YES;
				ENABLE_TESTABILITY = YES;
				FRAMEWORK_SEARCH_PATHS = "$(CARTHAGE_SEARCH_PATH)";
				GCC_C_LANGUAGE_STANDARD = gnu11;
				GCC_DYNAMIC_NO_PIC = NO;
				GCC_NO_COMMON_BLOCKS = YES;
				GCC_OPTIMIZATION_LEVEL = 0;
				GCC_PREPROCESSOR_DEFINITIONS = (
					"DEBUG=1",
					"$(inherited)",
				);
				GCC_WARN_64_TO_32_BIT_CONVERSION = YES;
				GCC_WARN_ABOUT_RETURN_TYPE = YES_ERROR;
				GCC_WARN_UNDECLARED_SELECTOR = YES;
				GCC_WARN_UNINITIALIZED_AUTOS = YES_AGGRESSIVE;
				GCC_WARN_UNUSED_FUNCTION = YES;
				GCC_WARN_UNUSED_VARIABLE = YES;
				INSTALL_GROUP = "";
				IPHONEOS_DEPLOYMENT_TARGET = 10.0;
				MTL_ENABLE_DEBUG_INFO = YES;
				ONLY_ACTIVE_ARCH = YES;
				SDKROOT = iphoneos;
				SWIFT_ACTIVE_COMPILATION_CONDITIONS = DEBUG;
				SWIFT_OPTIMIZATION_LEVEL = "-Onone";
				VERSIONING_SYSTEM = "apple-generic";
				VERSION_INFO_PREFIX = "";
			};
			name = Debug;
		};
		34821ECD1F529EFE0056A49C /* Release */ = {
			isa = XCBuildConfiguration;
			buildSettings = {
				ALWAYS_SEARCH_USER_PATHS = NO;
				CARTHAGE_SEARCH_PATH = ../../Carthage/Build/iOS;
				CLANG_ANALYZER_NONNULL = YES;
				CLANG_ANALYZER_NUMBER_OBJECT_CONVERSION = YES_AGGRESSIVE;
				CLANG_CXX_LANGUAGE_STANDARD = "gnu++14";
				CLANG_CXX_LIBRARY = "libc++";
				CLANG_ENABLE_MODULES = YES;
				CLANG_ENABLE_OBJC_ARC = YES;
				CLANG_WARN_BLOCK_CAPTURE_AUTORELEASING = YES;
				CLANG_WARN_BOOL_CONVERSION = YES;
				CLANG_WARN_COMMA = YES;
				CLANG_WARN_CONSTANT_CONVERSION = YES;
				CLANG_WARN_DIRECT_OBJC_ISA_USAGE = YES_ERROR;
				CLANG_WARN_DOCUMENTATION_COMMENTS = YES;
				CLANG_WARN_EMPTY_BODY = YES;
				CLANG_WARN_ENUM_CONVERSION = YES;
				CLANG_WARN_INFINITE_RECURSION = YES;
				CLANG_WARN_INT_CONVERSION = YES;
				CLANG_WARN_NON_LITERAL_NULL_CONVERSION = YES;
				CLANG_WARN_OBJC_LITERAL_CONVERSION = YES;
				CLANG_WARN_OBJC_ROOT_CLASS = YES_ERROR;
				CLANG_WARN_RANGE_LOOP_ANALYSIS = YES;
				CLANG_WARN_STRICT_PROTOTYPES = YES;
				CLANG_WARN_SUSPICIOUS_MOVE = YES;
				CLANG_WARN_UNGUARDED_AVAILABILITY = YES_AGGRESSIVE;
				CLANG_WARN_UNREACHABLE_CODE = YES;
				CLANG_WARN__DUPLICATE_METHOD_MATCH = YES;
				COPY_PHASE_STRIP = NO;
				CURRENT_PROJECT_VERSION = 1;
				DEBUG_INFORMATION_FORMAT = "dwarf-with-dsym";
				DEVELOPMENT_TEAM = 3P6HE88T9S;
				ENABLE_NS_ASSERTIONS = NO;
				ENABLE_STRICT_OBJC_MSGSEND = YES;
				FRAMEWORK_SEARCH_PATHS = "$(CARTHAGE_SEARCH_PATH)";
				GCC_C_LANGUAGE_STANDARD = gnu11;
				GCC_NO_COMMON_BLOCKS = YES;
				GCC_WARN_64_TO_32_BIT_CONVERSION = YES;
				GCC_WARN_ABOUT_RETURN_TYPE = YES_ERROR;
				GCC_WARN_UNDECLARED_SELECTOR = YES;
				GCC_WARN_UNINITIALIZED_AUTOS = YES_AGGRESSIVE;
				GCC_WARN_UNUSED_FUNCTION = YES;
				GCC_WARN_UNUSED_VARIABLE = YES;
				INSTALL_GROUP = "";
				IPHONEOS_DEPLOYMENT_TARGET = 10.0;
				MTL_ENABLE_DEBUG_INFO = NO;
				SDKROOT = iphoneos;
				SWIFT_OPTIMIZATION_LEVEL = "-Owholemodule";
				VALIDATE_PRODUCT = YES;
				VERSIONING_SYSTEM = "apple-generic";
				VERSION_INFO_PREFIX = "";
			};
			name = Release;
		};
		34821ECF1F529EFE0056A49C /* Debug */ = {
			isa = XCBuildConfiguration;
			buildSettings = {
				DEBUG_INFORMATION_FORMAT = "dwarf-with-dsym";
				DEFINES_MODULE = YES;
				DYLIB_COMPATIBILITY_VERSION = 1;
				DYLIB_CURRENT_VERSION = 1;
				DYLIB_INSTALL_NAME_BASE = "@rpath";
				INFOPLIST_FILE = "$(SRCROOT)/RSUtils/Info.plist";
				INSTALL_GROUP = "";
				INSTALL_PATH = "$(LOCAL_LIBRARY_DIR)/Frameworks";
				IPHONEOS_DEPLOYMENT_TARGET = 10.0;
				LD_RUNPATH_SEARCH_PATHS = "$(inherited) @executable_path/Frameworks @loader_path/Frameworks";
				PRODUCT_BUNDLE_IDENTIFIER = com.roadsiderapp.RSUtils;
				PRODUCT_NAME = "$(TARGET_NAME:c99extidentifier)";
				SKIP_INSTALL = YES;
				SWIFT_VERSION = 4.0;
				TARGETED_DEVICE_FAMILY = "1,2";
			};
			name = Debug;
		};
		34821ED01F529EFE0056A49C /* Release */ = {
			isa = XCBuildConfiguration;
			buildSettings = {
				DEFINES_MODULE = YES;
				DYLIB_COMPATIBILITY_VERSION = 1;
				DYLIB_CURRENT_VERSION = 1;
				DYLIB_INSTALL_NAME_BASE = "@rpath";
				INFOPLIST_FILE = "$(SRCROOT)/RSUtils/Info.plist";
				INSTALL_GROUP = "";
				INSTALL_PATH = "$(LOCAL_LIBRARY_DIR)/Frameworks";
				IPHONEOS_DEPLOYMENT_TARGET = 10.0;
				LD_RUNPATH_SEARCH_PATHS = "$(inherited) @executable_path/Frameworks @loader_path/Frameworks";
				PRODUCT_BUNDLE_IDENTIFIER = com.roadsiderapp.RSUtils;
				PRODUCT_NAME = "$(TARGET_NAME:c99extidentifier)";
				SKIP_INSTALL = YES;
				SWIFT_VERSION = 4.0;
				TARGETED_DEVICE_FAMILY = "1,2";
			};
			name = Release;
		};
		34821ED21F529EFE0056A49C /* Debug */ = {
			isa = XCBuildConfiguration;
			buildSettings = {
				DEVELOPMENT_TEAM = "";
				INFOPLIST_FILE = RSUtilsTests/Info.plist;
				LD_RUNPATH_SEARCH_PATHS = "$(inherited) @executable_path/Frameworks @loader_path/Frameworks";
				PRODUCT_BUNDLE_IDENTIFIER = com.roadsiderapp.RSUtilsTests;
				PRODUCT_NAME = "$(TARGET_NAME)";
				PROVISIONING_PROFILE_SPECIFIER = "";
				SWIFT_VERSION = 4.0;
				TARGETED_DEVICE_FAMILY = "1,2";
			};
			name = Debug;
		};
		34821ED31F529EFE0056A49C /* Release */ = {
			isa = XCBuildConfiguration;
			buildSettings = {
				DEVELOPMENT_TEAM = "";
				INFOPLIST_FILE = RSUtilsTests/Info.plist;
				LD_RUNPATH_SEARCH_PATHS = "$(inherited) @executable_path/Frameworks @loader_path/Frameworks";
				PRODUCT_BUNDLE_IDENTIFIER = com.roadsiderapp.RSUtilsTests;
				PRODUCT_NAME = "$(TARGET_NAME)";
				PROVISIONING_PROFILE_SPECIFIER = "";
				SWIFT_VERSION = 4.0;
				TARGETED_DEVICE_FAMILY = "1,2";
			};
			name = Release;
		};
/* End XCBuildConfiguration section */

/* Begin XCConfigurationList section */
		34821EB41F529EFE0056A49C /* Build configuration list for PBXProject "RSUtils" */ = {
			isa = XCConfigurationList;
			buildConfigurations = (
				34821ECC1F529EFE0056A49C /* Debug */,
				340B2A10200B235200706780 /* Enterprise */,
				34821ECD1F529EFE0056A49C /* Release */,
			);
			defaultConfigurationIsVisible = 0;
			defaultConfigurationName = Release;
		};
		34821ECE1F529EFE0056A49C /* Build configuration list for PBXNativeTarget "RSUtils" */ = {
			isa = XCConfigurationList;
			buildConfigurations = (
				34821ECF1F529EFE0056A49C /* Debug */,
				340B2A11200B235200706780 /* Enterprise */,
				34821ED01F529EFE0056A49C /* Release */,
			);
			defaultConfigurationIsVisible = 0;
			defaultConfigurationName = Release;
		};
		34821ED11F529EFE0056A49C /* Build configuration list for PBXNativeTarget "RSUtilsTests" */ = {
			isa = XCConfigurationList;
			buildConfigurations = (
				34821ED21F529EFE0056A49C /* Debug */,
				340B2A12200B235200706780 /* Enterprise */,
				34821ED31F529EFE0056A49C /* Release */,
			);
			defaultConfigurationIsVisible = 0;
			defaultConfigurationName = Release;
		};
/* End XCConfigurationList section */
	};
	rootObject = 34821EB11F529EFE0056A49C /* Project object */;
}
